
Microsoft Visual Studio Solution File, Format Version 12.00
# Visual Studio 15
VisualStudioVersion = 15.0.28307.1062
MinimumVisualStudioVersion = 10.0.40219.1
Project("{FAE04EC0-301F-11D3-BF4B-00C04F79EFBC}") = "00_变量的声明和赋值", "00_变量的声明和赋值\00_变量的声明和赋值.csproj", "{B27253C6-B524-42D3-A097-49E29AE2ECB1}"
EndProject
Global
	GlobalSection(SolutionConfigurationPlatforms) = preSolution
		Debug|Any CPU = Debug|Any CPU
		Release|Any CPU = Release|Any CPU
	EndGlobalSection
	GlobalSection(ProjectConfigurationPlatforms) = postSolution
		{B27253C6-B524-42D3-A097-49E29AE2ECB1}.Debug|Any CPU.ActiveCfg = Debug|Any CPU
		{B27253C6-B524-42D3-A097-49E29AE2ECB1}.Debug|Any CPU.Build.0 = Debug|Any CPU
		{B27253C6-B524-42D3-A097-49E29AE2ECB1}.Release|Any CPU.ActiveCfg = Release|Any CPU
		{B27253C6-B524-42D3-A097-49E29AE2ECB1}.Release|Any CPU.Build.0 = Release|Any CPU
	EndGlobalSection
	GlobalSection(SolutionProperties) = preSolution
		HideSolutionNode = FALSE
	EndGlobalSection
	GlobalSection(ExtensibilityGlobals) = postSolution
		SolutionGuid = {B0BDBDE8-4D49-4197-BC3F-661771E0CEF5}
	EndGlobalSection
EndGlobal
